
Microsoft Visual Studio Solution File, Format Version 12.00
# Visual Studio Version 17
VisualStudioVersion = 17.2.32630.192
MinimumVisualStudioVersion = 10.0.40219.1
Project("{FAE04EC0-301F-11D3-BF4B-00C04F79EFBC}") = "MoodAnalyser", "MoodAnalyser\MoodAnalyser.csproj", "{8463981A-641A-4AC0-99A0-71341B8C6E67}"
EndProject
Project("{FAE04EC0-301F-11D3-BF4B-00C04F79EFBC}") = "TestCases", "TestCases\TestCases.csproj", "{113E0D75-66C7-45D6-9D12-5143B9EBD466}"
EndProject
Global
	GlobalSection(SolutionConfigurationPlatforms) = preSolution
		Debug|Any CPU = Debug|Any CPU
		Release|Any CPU = Release|Any CPU
	EndGlobalSection
	GlobalSection(ProjectConfigurationPlatforms) = postSolution
		{8463981A-641A-4AC0-99A0-71341B8C6E67}.Debug|Any CPU.ActiveCfg = Debug|Any CPU
		{8463981A-641A-4AC0-99A0-71341B8C6E67}.Debug|Any CPU.Build.0 = Debug|Any CPU
		{8463981A-641A-4AC0-99A0-71341B8C6E67}.Release|Any CPU.ActiveCfg = Release|Any CPU
		{8463981A-641A-4AC0-99A0-71341B8C6E67}.Release|Any CPU.Build.0 = Release|Any CPU
		{113E0D75-66C7-45D6-9D12-5143B9EBD466}.Debug|Any CPU.ActiveCfg = Debug|Any CPU
		{113E0D75-66C7-45D6-9D12-5143B9EBD466}.Debug|Any CPU.Build.0 = Debug|Any CPU
		{113E0D75-66C7-45D6-9D12-5143B9EBD466}.Release|Any CPU.ActiveCfg = Release|Any CPU
		{113E0D75-66C7-45D6-9D12-5143B9EBD466}.Release|Any CPU.Build.0 = Release|Any CPU
	EndGlobalSection
	GlobalSection(SolutionProperties) = preSolution
		HideSolutionNode = FALSE
	EndGlobalSection
	GlobalSection(ExtensibilityGlobals) = postSolution
		SolutionGuid = {DED105C6-84A3-421C-BD62-A962D87BB4CB}
	EndGlobalSection
EndGlobal
